
Microsoft Visual Studio Solution File, Format Version 12.00
# Visual Studio 15
VisualStudioVersion = 15.0.27703.2018
MinimumVisualStudioVersion = 10.0.40219.1
Project("{FAE04EC0-301F-11D3-BF4B-00C04F79EFBC}") = "CollisionDetection2D", "CollisionDetection2D\CollisionDetection2D.csproj", "{95782F7A-E394-4770-909B-EFB5D7DD2B2A}"
EndProject
Project("{FAE04EC0-301F-11D3-BF4B-00C04F79EFBC}") = "UnitTest", "UnitTest\UnitTest.csproj", "{02D181AD-86B6-4B4B-99CD-7C1091E27540}"
EndProject
Global
	GlobalSection(SolutionConfigurationPlatforms) = preSolution
		Debug|Any CPU = Debug|Any CPU
		Release|Any CPU = Release|Any CPU
	EndGlobalSection
	GlobalSection(ProjectConfigurationPlatforms) = postSolution
		{95782F7A-E394-4770-909B-EFB5D7DD2B2A}.Debug|Any CPU.ActiveCfg = Debug|Any CPU
		{95782F7A-E394-4770-909B-EFB5D7DD2B2A}.Debug|Any CPU.Build.0 = Debug|Any CPU
		{95782F7A-E394-4770-909B-EFB5D7DD2B2A}.Release|Any CPU.ActiveCfg = Release|Any CPU
		{95782F7A-E394-4770-909B-EFB5D7DD2B2A}.Release|Any CPU.Build.0 = Release|Any CPU
		{02D181AD-86B6-4B4B-99CD-7C1091E27540}.Debug|Any CPU.ActiveCfg = Debug|Any CPU
		{02D181AD-86B6-4B4B-99CD-7C1091E27540}.Debug|Any CPU.Build.0 = Debug|Any CPU
		{02D181AD-86B6-4B4B-99CD-7C1091E27540}.Release|Any CPU.ActiveCfg = Release|Any CPU
		{02D181AD-86B6-4B4B-99CD-7C1091E27540}.Release|Any CPU.Build.0 = Release|Any CPU
	EndGlobalSection
	GlobalSection(SolutionProperties) = preSolution
		HideSolutionNode = FALSE
	EndGlobalSection
	GlobalSection(ExtensibilityGlobals) = postSolution
		SolutionGuid = {D5E1504A-3130-412C-BEB1-EFC3B63AED59}
	EndGlobalSection
EndGlobal
